
Microsoft Visual Studio Solution File, Format Version 12.00
Project("{FAE04EC0-301F-11D3-BF4B-00C04F79EFBC}") = "GPTTest", "GPTTest\GPTTest.csproj", "{CAF04C47-D9FE-4654-B754-41B7CFE3B088}"
EndProject
Global
	GlobalSection(SolutionConfigurationPlatforms) = preSolution
		Debug|Any CPU = Debug|Any CPU
		Release|Any CPU = Release|Any CPU
	EndGlobalSection
	GlobalSection(ProjectConfigurationPlatforms) = postSolution
		{CAF04C47-D9FE-4654-B754-41B7CFE3B088}.Debug|Any CPU.ActiveCfg = Debug|Any CPU
		{CAF04C47-D9FE-4654-B754-41B7CFE3B088}.Debug|Any CPU.Build.0 = Debug|Any CPU
		{CAF04C47-D9FE-4654-B754-41B7CFE3B088}.Release|Any CPU.ActiveCfg = Release|Any CPU
		{CAF04C47-D9FE-4654-B754-41B7CFE3B088}.Release|Any CPU.Build.0 = Release|Any CPU
	EndGlobalSection
EndGlobal
